
Microsoft Visual Studio Solution File, Format Version 12.00
# Visual Studio Version 17
VisualStudioVersion = 17.8.34330.188
MinimumVisualStudioVersion = 10.0.40219.1
Project("{FAE04EC0-301F-11D3-BF4B-00C04F79EFBC}") = "Assignment12", "Assignment12\Assignment12.csproj", "{8326BB33-6E93-4A43-B942-9598ED07E066}"
EndProject
Global
	GlobalSection(SolutionConfigurationPlatforms) = preSolution
		Debug|Any CPU = Debug|Any CPU
		Release|Any CPU = Release|Any CPU
	EndGlobalSection
	GlobalSection(ProjectConfigurationPlatforms) = postSolution
		{8326BB33-6E93-4A43-B942-9598ED07E066}.Debug|Any CPU.ActiveCfg = Debug|Any CPU
		{8326BB33-6E93-4A43-B942-9598ED07E066}.Debug|Any CPU.Build.0 = Debug|Any CPU
		{8326BB33-6E93-4A43-B942-9598ED07E066}.Release|Any CPU.ActiveCfg = Release|Any CPU
		{8326BB33-6E93-4A43-B942-9598ED07E066}.Release|Any CPU.Build.0 = Release|Any CPU
	EndGlobalSection
	GlobalSection(SolutionProperties) = preSolution
		HideSolutionNode = FALSE
	EndGlobalSection
	GlobalSection(ExtensibilityGlobals) = postSolution
		SolutionGuid = {F49A2402-57D9-4A92-A7AA-4E772ED96118}
	EndGlobalSection
EndGlobal
